// !$*UTF8*$!
{
	archiveVersion = 1;
	classes = {
	};
	objectVersion = 46;
	objects = {

/* Begin PBXBuildFile section */
		701F25B81C74C99A004580A9 /* spritestore.swift in Sources */ = {isa = PBXBuildFile; fileRef = 701F25B71C74C99A004580A9 /* spritestore.swift */; };
		70235CF61C4940B000F655C2 /* AppDelegate.swift in Sources */ = {isa = PBXBuildFile; fileRef = 70235CF51C4940B000F655C2 /* AppDelegate.swift */; };
		70235CFA1C4940B000F655C2 /* GameScene.swift in Sources */ = {isa = PBXBuildFile; fileRef = 70235CF91C4940B000F655C2 /* GameScene.swift */; };
		70235CFC1C4940B000F655C2 /* GameViewController.swift in Sources */ = {isa = PBXBuildFile; fileRef = 70235CFB1C4940B000F655C2 /* GameViewController.swift */; };
		70235CFF1C4940B000F655C2 /* Main.storyboard in Resources */ = {isa = PBXBuildFile; fileRef = 70235CFD1C4940B000F655C2 /* Main.storyboard */; };
		70235D011C4940B000F655C2 /* Assets.xcassets in Resources */ = {isa = PBXBuildFile; fileRef = 70235D001C4940B000F655C2 /* Assets.xcassets */; };
		70235D041C4940B000F655C2 /* LaunchScreen.storyboard in Resources */ = {isa = PBXBuildFile; fileRef = 70235D021C4940B000F655C2 /* LaunchScreen.storyboard */; };
		70235D0F1C4940B000F655C2 /* RandomRollTests.swift in Sources */ = {isa = PBXBuildFile; fileRef = 70235D0E1C4940B000F655C2 /* RandomRollTests.swift */; };
		70235D1A1C4940B000F655C2 /* RandomRollUITests.swift in Sources */ = {isa = PBXBuildFile; fileRef = 70235D191C4940B000F655C2 /* RandomRollUITests.swift */; };
		702853F31CB7F6D200EB318D /* Media.xcassets in Resources */ = {isa = PBXBuildFile; fileRef = 702853F21CB7F6D200EB318D /* Media.xcassets */; };
		702853F51CB7F81000EB318D /* RandomRollBarrellIcon.png in Resources */ = {isa = PBXBuildFile; fileRef = 702853F41CB7F81000EB318D /* RandomRollBarrellIcon.png */; };
		703AD6971CB2B11B004D4B8F /* defaultbackground.png in Resources */ = {isa = PBXBuildFile; fileRef = 703AD6961CB2B11B004D4B8F /* defaultbackground.png */; };
		707FE59E1C999CAA0055EE67 /* Sprite1.png in Resources */ = {isa = PBXBuildFile; fileRef = 707FE59D1C999CAA0055EE67 /* Sprite1.png */; };
		707FE5A61C9AF0F90055EE67 /* Backgroundblack.png in Resources */ = {isa = PBXBuildFile; fileRef = 707FE5A51C9AF0F90055EE67 /* Backgroundblack.png */; };
		7083B3631C62551300AA1358 /* barrelSprite.png in Resources */ = {isa = PBXBuildFile; fileRef = 7083B3621C62551300AA1358 /* barrelSprite.png */; };
		7083F42F1CB406AC00503EFE /* BearImages.atlas in Resources */ = {isa = PBXBuildFile; fileRef = 7083F42E1CB406AC00503EFE /* BearImages.atlas */; };
		709E5E741CB6A61300D9C7EE /* RandomRollLogo.png in Resources */ = {isa = PBXBuildFile; fileRef = 709E5E731CB6A61300D9C7EE /* RandomRollLogo.png */; };
		709E785C1C6100BE00F05BB1 /* scrollingclouds.png in Resources */ = {isa = PBXBuildFile; fileRef = 709E785B1C6100BE00F05BB1 /* scrollingclouds.png */; };
		709E785E1C6100C600F05BB1 /* bg1.png in Resources */ = {isa = PBXBuildFile; fileRef = 709E785D1C6100C600F05BB1 /* bg1.png */; };
		70A1AEBE1CB7EF7700CA43CD /* StartButton.png in Resources */ = {isa = PBXBuildFile; fileRef = 70A1AEBD1CB7EF7700CA43CD /* StartButton.png */; };
		70A1AEC01CB7EF7D00CA43CD /* RestartButton.png in Resources */ = {isa = PBXBuildFile; fileRef = 70A1AEBF1CB7EF7D00CA43CD /* RestartButton.png */; };
		70A22F371C8498AF00C8AFC7 /* xgqFk.png in Resources */ = {isa = PBXBuildFile; fileRef = 70A22F361C8498AF00C8AFC7 /* xgqFk.png */; };
		70BD31621CAD655F0038BA35 /* randomroll.png in Resources */ = {isa = PBXBuildFile; fileRef = 70BD31611CAD655F0038BA35 /* randomroll.png */; };
		70BD31661CAD68970038BA35 /* long.png in Resources */ = {isa = PBXBuildFile; fileRef = 70BD31651CAD68970038BA35 /* long.png */; };
/* End PBXBuildFile section */

/* Begin PBXContainerItemProxy section */
		70235D0B1C4940B000F655C2 /* PBXContainerItemProxy */ = {
			isa = PBXContainerItemProxy;
			containerPortal = 70235CEA1C4940AF00F655C2 /* Project object */;
			proxyType = 1;
			remoteGlobalIDString = 70235CF11C4940B000F655C2;
			remoteInfo = RandomRoll;
		};
		70235D161C4940B000F655C2 /* PBXContainerItemProxy */ = {
			isa = PBXContainerItemProxy;
			containerPortal = 70235CEA1C4940AF00F655C2 /* Project object */;
			proxyType = 1;
			remoteGlobalIDString = 70235CF11C4940B000F655C2;
			remoteInfo = RandomRoll;
		};
/* End PBXContainerItemProxy section */

/* Begin PBXFileReference section */
		701F25B71C74C99A004580A9 /* spritestore.swift */ = {isa = PBXFileReference; fileEncoding = 4; lastKnownFileType = sourcecode.swift; path = spritestore.swift; sourceTree = "<group>"; };
		70235CF21C4940B000F655C2 /* RandomRoll.app */ = {isa = PBXFileReference; explicitFileType = wrapper.application; includeInIndex = 0; path = RandomRoll.app; sourceTree = BUILT_PRODUCTS_DIR; };
		70235CF51C4940B000F655C2 /* AppDelegate.swift */ = {isa = PBXFileReference; lastKnownFileType = sourcecode.swift; path = AppDelegate.swift; sourceTree = "<group>"; };
		70235CF91C4940B000F655C2 /* GameScene.swift */ = {isa = PBXFileReference; lastKnownFileType = sourcecode.swift; path = GameScene.swift; sourceTree = "<group>"; };
		70235CFB1C4940B000F655C2 /* GameViewController.swift */ = {isa = PBXFileReference; lastKnownFileType = sourcecode.swift; path = GameViewController.swift; sourceTree = "<group>"; };
		70235CFE1C4940B000F655C2 /* Base */ = {isa = PBXFileReference; lastKnownFileType = file.storyboard; name = Base; path = Base.lproj/Main.storyboard; sourceTree = "<group>"; };
		70235D001C4940B000F655C2 /* Assets.xcassets */ = {isa = PBXFileReference; lastKnownFileType = folder.assetcatalog; path = Assets.xcassets; sourceTree = "<group>"; };
		70235D031C4940B000F655C2 /* Base */ = {isa = PBXFileReference; lastKnownFileType = file.storyboard; name = Base; path = Base.lproj/LaunchScreen.storyboard; sourceTree = "<group>"; };
		70235D051C4940B000F655C2 /* Info.plist */ = {isa = PBXFileReference; lastKnownFileType = text.plist.xml; path = Info.plist; sourceTree = "<group>"; };
		70235D0A1C4940B000F655C2 /* RandomRollTests.xctest */ = {isa = PBXFileReference; explicitFileType = wrapper.cfbundle; includeInIndex = 0; path = RandomRollTests.xctest; sourceTree = BUILT_PRODUCTS_DIR; };
		70235D0E1C4940B000F655C2 /* RandomRollTests.swift */ = {isa = PBXFileReference; lastKnownFileType = sourcecode.swift; path = RandomRollTests.swift; sourceTree = "<group>"; };
		70235D101C4940B000F655C2 /* Info.plist */ = {isa = PBXFileReference; lastKnownFileType = text.plist.xml; path = Info.plist; sourceTree = "<group>"; };
		70235D151C4940B000F655C2 /* RandomRollUITests.xctest */ = {isa = PBXFileReference; explicitFileType = wrapper.cfbundle; includeInIndex = 0; path = RandomRollUITests.xctest; sourceTree = BUILT_PRODUCTS_DIR; };
		70235D191C4940B000F655C2 /* RandomRollUITests.swift */ = {isa = PBXFileReference; lastKnownFileType = sourcecode.swift; path = RandomRollUITests.swift; sourceTree = "<group>"; };
		70235D1B1C4940B000F655C2 /* Info.plist */ = {isa = PBXFileReference; lastKnownFileType = text.plist.xml; path = Info.plist; sourceTree = "<group>"; };
		702853F21CB7F6D200EB318D /* Media.xcassets */ = {isa = PBXFileReference; lastKnownFileType = folder.assetcatalog; path = Media.xcassets; sourceTree = "<group>"; };
		702853F41CB7F81000EB318D /* RandomRollBarrellIcon.png */ = {isa = PBXFileReference; lastKnownFileType = image.png; path = RandomRollBarrellIcon.png; sourceTree = "<group>"; };
		703AD6961CB2B11B004D4B8F /* defaultbackground.png */ = {isa = PBXFileReference; lastKnownFileType = image.png; path = defaultbackground.png; sourceTree = "<group>"; };
		707FE59D1C999CAA0055EE67 /* Sprite1.png */ = {isa = PBXFileReference; lastKnownFileType = image.png; path = Sprite1.png; sourceTree = "<group>"; };
		707FE5A51C9AF0F90055EE67 /* Backgroundblack.png */ = {isa = PBXFileReference; lastKnownFileType = image.png; path = Backgroundblack.png; sourceTree = "<group>"; };
		7083B3621C62551300AA1358 /* barrelSprite.png */ = {isa = PBXFileReference; lastKnownFileType = image.png; path = barrelSprite.png; sourceTree = "<group>"; };
		7083F42E1CB406AC00503EFE /* BearImages.atlas */ = {isa = PBXFileReference; lastKnownFileType = folder.skatlas; path = BearImages.atlas; sourceTree = "<group>"; };
		709E5E731CB6A61300D9C7EE /* RandomRollLogo.png */ = {isa = PBXFileReference; lastKnownFileType = image.png; path = RandomRollLogo.png; sourceTree = "<group>"; };
		709E785B1C6100BE00F05BB1 /* scrollingclouds.png */ = {isa = PBXFileReference; lastKnownFileType = image.png; path = scrollingclouds.png; sourceTree = "<group>"; };
		709E785D1C6100C600F05BB1 /* bg1.png */ = {isa = PBXFileReference; lastKnownFileType = image.png; path = bg1.png; sourceTree = "<group>"; };
		70A1AEBD1CB7EF7700CA43CD /* StartButton.png */ = {isa = PBXFileReference; lastKnownFileType = image.png; path = StartButton.png; sourceTree = "<group>"; };
		70A1AEBF1CB7EF7D00CA43CD /* RestartButton.png */ = {isa = PBXFileReference; lastKnownFileType = image.png; path = RestartButton.png; sourceTree = "<group>"; };
		70A22F361C8498AF00C8AFC7 /* xgqFk.png */ = {isa = PBXFileReference; lastKnownFileType = image.png; path = xgqFk.png; sourceTree = "<group>"; };
		70BD31611CAD655F0038BA35 /* randomroll.png */ = {isa = PBXFileReference; lastKnownFileType = image.png; path = randomroll.png; sourceTree = "<group>"; };
		70BD31651CAD68970038BA35 /* long.png */ = {isa = PBXFileReference; lastKnownFileType = image.png; path = long.png; sourceTree = "<group>"; };
/* End PBXFileReference section */

/* Begin PBXFrameworksBuildPhase section */
		70235CEF1C4940B000F655C2 /* Frameworks */ = {
			isa = PBXFrameworksBuildPhase;
			buildActionMask = 2147483647;
			files = (
			);
			runOnlyForDeploymentPostprocessing = 0;
		};
		70235D071C4940B000F655C2 /* Frameworks */ = {
			isa = PBXFrameworksBuildPhase;
			buildActionMask = 2147483647;
			files = (
			);
			runOnlyForDeploymentPostprocessing = 0;
		};
		70235D121C4940B000F655C2 /* Frameworks */ = {
			isa = PBXFrameworksBuildPhase;
			buildActionMask = 2147483647;
			files = (
			);
			runOnlyForDeploymentPostprocessing = 0;
		};
/* End PBXFrameworksBuildPhase section */

/* Begin PBXGroup section */
		70235CE91C4940AF00F655C2 = {
			isa = PBXGroup;
			children = (
				70235CF41C4940B000F655C2 /* RandomRoll */,
				70235D0D1C4940B000F655C2 /* RandomRollTests */,
				70235D181C4940B000F655C2 /* RandomRollUITests */,
				70235CF31C4940B000F655C2 /* Products */,
			);
			sourceTree = "<group>";
		};
		70235CF31C4940B000F655C2 /* Products */ = {
			isa = PBXGroup;
			children = (
				70235CF21C4940B000F655C2 /* RandomRoll.app */,
				70235D0A1C4940B000F655C2 /* RandomRollTests.xctest */,
				70235D151C4940B000F655C2 /* RandomRollUITests.xctest */,
			);
			name = Products;
			sourceTree = "<group>";
		};
		70235CF41C4940B000F655C2 /* RandomRoll */ = {
			isa = PBXGroup;
			children = (
				7083F42E1CB406AC00503EFE /* BearImages.atlas */,
				70235CF51C4940B000F655C2 /* AppDelegate.swift */,
				701F25B71C74C99A004580A9 /* spritestore.swift */,
				70235CF91C4940B000F655C2 /* GameScene.swift */,
				70235CFB1C4940B000F655C2 /* GameViewController.swift */,
				70235CFD1C4940B000F655C2 /* Main.storyboard */,
				70235D001C4940B000F655C2 /* Assets.xcassets */,
				70235D021C4940B000F655C2 /* LaunchScreen.storyboard */,
				702853F21CB7F6D200EB318D /* Media.xcassets */,
				709E5E731CB6A61300D9C7EE /* RandomRollLogo.png */,
				70235D051C4940B000F655C2 /* Info.plist */,
				70BD31651CAD68970038BA35 /* long.png */,
				703AD6961CB2B11B004D4B8F /* defaultbackground.png */,
				70BD31611CAD655F0038BA35 /* randomroll.png */,
				709E785B1C6100BE00F05BB1 /* scrollingclouds.png */,
				709E785D1C6100C600F05BB1 /* bg1.png */,
				707FE5A51C9AF0F90055EE67 /* Backgroundblack.png */,
				702853F41CB7F81000EB318D /* RandomRollBarrellIcon.png */,
				70A22F361C8498AF00C8AFC7 /* xgqFk.png */,
				7083B3621C62551300AA1358 /* barrelSprite.png */,
				70A1AEBF1CB7EF7D00CA43CD /* RestartButton.png */,
				70A1AEBD1CB7EF7700CA43CD /* StartButton.png */,
				707FE59D1C999CAA0055EE67 /* Sprite1.png */,
			);
			path = RandomRoll;
			sourceTree = "<group>";
		};
		70235D0D1C4940B000F655C2 /* RandomRollTests */ = {
			isa = PBXGroup;
			children = (
				70235D0E1C4940B000F655C2 /* RandomRollTests.swift */,
				70235D101C4940B000F655C2 /* Info.plist */,
			);
			path = RandomRollTests;
			sourceTree = "<group>";
		};
		70235D181C4940B000F655C2 /* RandomRollUITests */ = {
			isa = PBXGroup;
			children = (
				70235D191C4940B000F655C2 /* RandomRollUITests.swift */,
				70235D1B1C4940B000F655C2 /* Info.plist */,
			);
			path = RandomRollUITests;
			sourceTree = "<group>";
		};
/* End PBXGroup section */

/* Begin PBXNativeTarget section */
		70235CF11C4940B000F655C2 /* RandomRoll */ = {
			isa = PBXNativeTarget;
			buildConfigurationList = 70235D1E1C4940B000F655C2 /* Build configuration list for PBXNativeTarget "RandomRoll" */;
			buildPhases = (
				70235CEE1C4940B000F655C2 /* Sources */,
				70235CEF1C4940B000F655C2 /* Frameworks */,
				70235CF01C4940B000F655C2 /* Resources */,
			);
			buildRules = (
			);
			dependencies = (
			);
			name = RandomRoll;
			productName = RandomRoll;
			productReference = 70235CF21C4940B000F655C2 /* RandomRoll.app */;
			productType = "com.apple.product-type.application";
		};
		70235D091C4940B000F655C2 /* RandomRollTests */ = {
			isa = PBXNativeTarget;
			buildConfigurationList = 70235D211C4940B000F655C2 /* Build configuration list for PBXNativeTarget "RandomRollTests" */;
			buildPhases = (
				70235D061C4940B000F655C2 /* Sources */,
				70235D071C4940B000F655C2 /* Frameworks */,
				70235D081C4940B000F655C2 /* Resources */,
			);
			buildRules = (
			);
			dependencies = (
				70235D0C1C4940B000F655C2 /* PBXTargetDependency */,
			);
			name = RandomRollTests;
			productName = RandomRollTests;
			productReference = 70235D0A1C4940B000F655C2 /* RandomRollTests.xctest */;
			productType = "com.apple.product-type.bundle.unit-test";
		};
		70235D141C4940B000F655C2 /* RandomRollUITests */ = {
			isa = PBXNativeTarget;
			buildConfigurationList = 70235D241C4940B000F655C2 /* Build configuration list for PBXNativeTarget "RandomRollUITests" */;
			buildPhases = (
				70235D111C4940B000F655C2 /* Sources */,
				70235D121C4940B000F655C2 /* Frameworks */,
				70235D131C4940B000F655C2 /* Resources */,
			);
			buildRules = (
			);
			dependencies = (
				70235D171C4940B000F655C2 /* PBXTargetDependency */,
			);
			name = RandomRollUITests;
			productName = RandomRollUITests;
			productReference = 70235D151C4940B000F655C2 /* RandomRollUITests.xctest */;
			productType = "com.apple.product-type.bundle.ui-testing";
		};
/* End PBXNativeTarget section */

/* Begin PBXProject section */
		70235CEA1C4940AF00F655C2 /* Project object */ = {
			isa = PBXProject;
			attributes = {
				LastSwiftUpdateCheck = 0720;
				LastUpgradeCheck = 0720;
				ORGANIZATIONNAME = "Seun Omonije";
				TargetAttributes = {
					70235CF11C4940B000F655C2 = {
						CreatedOnToolsVersion = 7.2;
					};
					70235D091C4940B000F655C2 = {
						CreatedOnToolsVersion = 7.2;
						TestTargetID = 70235CF11C4940B000F655C2;
					};
					70235D141C4940B000F655C2 = {
						CreatedOnToolsVersion = 7.2;
						TestTargetID = 70235CF11C4940B000F655C2;
					};
				};
			};
			buildConfigurationList = 70235CED1C4940AF00F655C2 /* Build configuration list for PBXProject "RandomRoll" */;
			compatibilityVersion = "Xcode 3.2";
			developmentRegion = English;
			hasScannedForEncodings = 0;
			knownRegions = (
				en,
				Base,
			);
			mainGroup = 70235CE91C4940AF00F655C2;
			productRefGroup = 70235CF31C4940B000F655C2 /* Products */;
			projectDirPath = "";
			projectRoot = "";
			targets = (
				70235CF11C4940B000F655C2 /* RandomRoll */,
				70235D091C4940B000F655C2 /* RandomRollTests */,
				70235D141C4940B000F655C2 /* RandomRollUITests */,
			);
		};
/* End PBXProject section */

/* Begin PBXResourcesBuildPhase section */
		70235CF01C4940B000F655C2 /* Resources */ = {
			isa = PBXResourcesBuildPhase;
			buildActionMask = 2147483647;
			files = (
				707FE5A61C9AF0F90055EE67 /* Backgroundblack.png in Resources */,
				70235D041C4940B000F655C2 /* LaunchScreen.storyboard in Resources */,
				709E5E741CB6A61300D9C7EE /* RandomRollLogo.png in Resources */,
				70235D011C4940B000F655C2 /* Assets.xcassets in Resources */,
				709E785C1C6100BE00F05BB1 /* scrollingclouds.png in Resources */,
				702853F51CB7F81000EB318D /* RandomRollBarrellIcon.png in Resources */,
				709E785E1C6100C600F05BB1 /* bg1.png in Resources */,
				707FE59E1C999CAA0055EE67 /* Sprite1.png in Resources */,
				70BD31661CAD68970038BA35 /* long.png in Resources */,
				70BD31621CAD655F0038BA35 /* randomroll.png in Resources */,
				70235CFF1C4940B000F655C2 /* Main.storyboard in Resources */,
				70A1AEC01CB7EF7D00CA43CD /* RestartButton.png in Resources */,
				702853F31CB7F6D200EB318D /* Media.xcassets in Resources */,
				7083F42F1CB406AC00503EFE /* BearImages.atlas in Resources */,
				70A1AEBE1CB7EF7700CA43CD /* StartButton.png in Resources */,
				703AD6971CB2B11B004D4B8F /* defaultbackground.png in Resources */,
				7083B3631C62551300AA1358 /* barrelSprite.png in Resources */,
				70A22F371C8498AF00C8AFC7 /* xgqFk.png in Resources */,
			);
			runOnlyForDeploymentPostprocessing = 0;
		};
		70235D081C4940B000F655C2 /* Resources */ = {
			isa = PBXResourcesBuildPhase;
			buildActionMask = 2147483647;
			files = (
			);
			runOnlyForDeploymentPostprocessing = 0;
		};
		70235D131C4940B000F655C2 /* Resources */ = {
			isa = PBXResourcesBuildPhase;
			buildActionMask = 2147483647;
			files = (
			);
			runOnlyForDeploymentPostprocessing = 0;
		};
/* End PBXResourcesBuildPhase section */

/* Begin PBXSourcesBuildPhase section */
		70235CEE1C4940B000F655C2 /* Sources */ = {
			isa = PBXSourcesBuildPhase;
			buildActionMask = 2147483647;
			files = (
				701F25B81C74C99A004580A9 /* spritestore.swift in Sources */,
				70235CFA1C4940B000F655C2 /* GameScene.swift in Sources */,
				70235CFC1C4940B000F655C2 /* GameViewController.swift in Sources */,
				70235CF61C4940B000F655C2 /* AppDelegate.swift in Sources */,
			);
			runOnlyForDeploymentPostprocessing = 0;
		};
		70235D061C4940B000F655C2 /* Sources */ = {
			isa = PBXSourcesBuildPhase;
			buildActionMask = 2147483647;
			files = (
				70235D0F1C4940B000F655C2 /* RandomRollTests.swift in Sources */,
			);
			runOnlyForDeploymentPostprocessing = 0;
		};
		70235D111C4940B000F655C2 /* Sources */ = {
			isa = PBXSourcesBuildPhase;
			buildActionMask = 2147483647;
			files = (
				70235D1A1C4940B000F655C2 /* RandomRollUITests.swift in Sources */,
			);
			runOnlyForDeploymentPostprocessing = 0;
		};
/* End PBXSourcesBuildPhase section */

/* Begin PBXTargetDependency section */
		70235D0C1C4940B000F655C2 /* PBXTargetDependency */ = {
			isa = PBXTargetDependency;
			target = 70235CF11C4940B000F655C2 /* RandomRoll */;
			targetProxy = 70235D0B1C4940B000F655C2 /* PBXContainerItemProxy */;
		};
		70235D171C4940B000F655C2 /* PBXTargetDependency */ = {
			isa = PBXTargetDependency;
			target = 70235CF11C4940B000F655C2 /* RandomRoll */;
			targetProxy = 70235D161C4940B000F655C2 /* PBXContainerItemProxy */;
		};
/* End PBXTargetDependency section */

/* Begin PBXVariantGroup section */
		70235CFD1C4940B000F655C2 /* Main.storyboard */ = {
			isa = PBXVariantGroup;
			children = (
				70235CFE1C4940B000F655C2 /* Base */,
			);
			name = Main.storyboard;
			sourceTree = "<group>";
		};
		70235D021C4940B000F655C2 /* LaunchScreen.storyboard */ = {
			isa = PBXVariantGroup;
			children = (
				70235D031C4940B000F655C2 /* Base */,
			);
			name = LaunchScreen.storyboard;
			sourceTree = "<group>";
		};
/* End PBXVariantGroup section */

/* Begin XCBuildConfiguration section */
		70235D1C1C4940B000F655C2 /* Debug */ = {
			isa = XCBuildConfiguration;
			buildSettings = {
				ALWAYS_SEARCH_USER_PATHS = NO;
				CLANG_CXX_LANGUAGE_STANDARD = "gnu++0x";
				CLANG_CXX_LIBRARY = "libc++";
				CLANG_ENABLE_MODULES = YES;
				CLANG_ENABLE_OBJC_ARC = YES;
				CLANG_WARN_BOOL_CONVERSION = YES;
				CLANG_WARN_CONSTANT_CONVERSION = YES;
				CLANG_WARN_DIRECT_OBJC_ISA_USAGE = YES_ERROR;
				CLANG_WARN_EMPTY_BODY = YES;
				CLANG_WARN_ENUM_CONVERSION = YES;
				CLANG_WARN_INT_CONVERSION = YES;
				CLANG_WARN_OBJC_ROOT_CLASS = YES_ERROR;
				CLANG_WARN_UNREACHABLE_CODE = YES;
				CLANG_WARN__DUPLICATE_METHOD_MATCH = YES;
				"CODE_SIGN_IDENTITY[sdk=iphoneos*]" = "iPhone Developer";
				COPY_PHASE_STRIP = NO;
				DEBUG_INFORMATION_FORMAT = "dwarf-with-dsym";
				ENABLE_STRICT_OBJC_MSGSEND = YES;
				ENABLE_TESTABILITY = YES;
				GCC_C_LANGUAGE_STANDARD = gnu99;
				GCC_DYNAMIC_NO_PIC = NO;
				GCC_NO_COMMON_BLOCKS = YES;
				GCC_OPTIMIZATION_LEVEL = 0;
				GCC_PREPROCESSOR_DEFINITIONS = (
					"DEBUG=1",
					"$(inherited)",
				);
				GCC_WARN_64_TO_32_BIT_CONVERSION = YES;
				GCC_WARN_ABOUT_RETURN_TYPE = YES_ERROR;
				GCC_WARN_UNDECLARED_SELECTOR = YES;
				GCC_WARN_UNINITIALIZED_AUTOS = YES_AGGRESSIVE;
				GCC_WARN_UNUSED_FUNCTION = YES;
				GCC_WARN_UNUSED_VARIABLE = YES;
				IPHONEOS_DEPLOYMENT_TARGET = 9.2;
				MTL_ENABLE_DEBUG_INFO = YES;
				ONLY_ACTIVE_ARCH = YES;
				SDKROOT = iphoneos;
				SWIFT_OPTIMIZATION_LEVEL = "-Onone";
				TARGETED_DEVICE_FAMILY = "1,2";
			};
			name = Debug;
		};
		70235D1D1C4940B000F655C2 /* Release */ = {
			isa = XCBuildConfiguration;
			buildSettings = {
				ALWAYS_SEARCH_USER_PATHS = NO;
				CLANG_CXX_LANGUAGE_STANDARD = "gnu++0x";
				CLANG_CXX_LIBRARY = "libc++";
				CLANG_ENABLE_MODULES = YES;
				CLANG_ENABLE_OBJC_ARC = YES;
				CLANG_WARN_BOOL_CONVERSION = YES;
				CLANG_WARN_CONSTANT_CONVERSION = YES;
				CLANG_WARN_DIRECT_OBJC_ISA_USAGE = YES_ERROR;
				CLANG_WARN_EMPTY_BODY = YES;
				CLANG_WARN_ENUM_CONVERSION = YES;
				CLANG_WARN_INT_CONVERSION = YES;
				CLANG_WARN_OBJC_ROOT_CLASS = YES_ERROR;
				CLANG_WARN_UNREACHABLE_CODE = YES;
				CLANG_WARN__DUPLICATE_METHOD_MATCH = YES;
				"CODE_SIGN_IDENTITY[sdk=iphoneos*]" = "iPhone Developer";
				COPY_PHASE_STRIP = NO;
				DEBUG_INFORMATION_FORMAT = "dwarf-with-dsym";
				ENABLE_NS_ASSERTIONS = NO;
				ENABLE_STRICT_OBJC_MSGSEND = YES;
				GCC_C_LANGUAGE_STANDARD = gnu99;
				GCC_NO_COMMON_BLOCKS = YES;
				GCC_WARN_64_TO_32_BIT_CONVERSION = YES;
				GCC_WARN_ABOUT_RETURN_TYPE = YES_ERROR;
				GCC_WARN_UNDECLARED_SELECTOR = YES;
				GCC_WARN_UNINITIALIZED_AUTOS = YES_AGGRESSIVE;
				GCC_WARN_UNUSED_FUNCTION = YES;
				GCC_WARN_UNUSED_VARIABLE = YES;
				IPHONEOS_DEPLOYMENT_TARGET = 9.2;
				MTL_ENABLE_DEBUG_INFO = NO;
				SDKROOT = iphoneos;
				TARGETED_DEVICE_FAMILY = "1,2";
				VALIDATE_PRODUCT = YES;
			};
			name = Release;
		};
		70235D1F1C4940B000F655C2 /* Debug */ = {
			isa = XCBuildConfiguration;
			buildSettings = {
				ASSETCATALOG_COMPILER_APPICON_NAME = AppIcon;
				INFOPLIST_FILE = RandomRoll/Info.plist;
				LD_RUNPATH_SEARCH_PATHS = "$(inherited) @executable_path/Frameworks";
				PRODUCT_BUNDLE_IDENTIFIER = randomroll.RandomRoll;
				PRODUCT_NAME = "$(TARGET_NAME)";
			};
			name = Debug;
		};
		70235D201C4940B000F655C2 /* Release */ = {
			isa = XCBuildConfiguration;
			buildSettings = {
				ASSETCATALOG_COMPILER_APPICON_NAME = AppIcon;
				INFOPLIST_FILE = RandomRoll/Info.plist;
				LD_RUNPATH_SEARCH_PATHS = "$(inherited) @executable_path/Frameworks";
				PRODUCT_BUNDLE_IDENTIFIER = randomroll.RandomRoll;
				PRODUCT_NAME = "$(TARGET_NAME)";
			};
			name = Release;
		};
		70235D221C4940B000F655C2 /* Debug */ = {
			isa = XCBuildConfiguration;
			buildSettings = {
				BUNDLE_LOADER = "$(TEST_HOST)";
				DEBUG_INFORMATION_FORMAT = dwarf;
				INFOPLIST_FILE = RandomRollTests/Info.plist;
				LD_RUNPATH_SEARCH_PATHS = "$(inherited) @executable_path/Frameworks @loader_path/Frameworks";
				PRODUCT_BUNDLE_IDENTIFIER = randomroll.RandomRollTests;
				PRODUCT_NAME = "$(TARGET_NAME)";
				TEST_HOST = "$(BUILT_PRODUCTS_DIR)/RandomRoll.app/RandomRoll";
			};
			name = Debug;
		};
		70235D231C4940B000F655C2 /* Release */ = {
			isa = XCBuildConfiguration;
			buildSettings = {
				BUNDLE_LOADER = "$(TEST_HOST)";
				INFOPLIST_FILE = RandomRollTests/Info.plist;
				LD_RUNPATH_SEARCH_PATHS = "$(inherited) @executable_path/Frameworks @loader_path/Frameworks";
				PRODUCT_BUNDLE_IDENTIFIER = randomroll.RandomRollTests;
				PRODUCT_NAME = "$(TARGET_NAME)";
				TEST_HOST = "$(BUILT_PRODUCTS_DIR)/RandomRoll.app/RandomRoll";
			};
			name = Release;
		};
		70235D251C4940B000F655C2 /* Debug */ = {
			isa = XCBuildConfiguration;
			buildSettings = {
				DEBUG_INFORMATION_FORMAT = dwarf;
				INFOPLIST_FILE = RandomRollUITests/Info.plist;
				LD_RUNPATH_SEARCH_PATHS = "$(inherited) @executable_path/Frameworks @loader_path/Frameworks";
				PRODUCT_BUNDLE_IDENTIFIER = randomroll.RandomRollUITests;
				PRODUCT_NAME = "$(TARGET_NAME)";
				TEST_TARGET_NAME = RandomRoll;
				USES_XCTRUNNER = YES;
			};
			name = Debug;
		};
		70235D261C4940B000F655C2 /* Release */ = {
			isa = XCBuildConfiguration;
			buildSettings = {
				INFOPLIST_FILE = RandomRollUITests/Info.plist;
				LD_RUNPATH_SEARCH_PATHS = "$(inherited) @executable_path/Frameworks @loader_path/Frameworks";
				PRODUCT_BUNDLE_IDENTIFIER = randomroll.RandomRollUITests;
				PRODUCT_NAME = "$(TARGET_NAME)";
				TEST_TARGET_NAME = RandomRoll;
				USES_XCTRUNNER = YES;
			};
			name = Release;
		};
/* End XCBuildConfiguration section */

/* Begin XCConfigurationList section */
		70235CED1C4940AF00F655C2 /* Build configuration list for PBXProject "RandomRoll" */ = {
			isa = XCConfigurationList;
			buildConfigurations = (
				70235D1C1C4940B000F655C2 /* Debug */,
				70235D1D1C4940B000F655C2 /* Release */,
			);
			defaultConfigurationIsVisible = 0;
			defaultConfigurationName = Release;
		};
		70235D1E1C4940B000F655C2 /* Build configuration list for PBXNativeTarget "RandomRoll" */ = {
			isa = XCConfigurationList;
			buildConfigurations = (
				70235D1F1C4940B000F655C2 /* Debug */,
				70235D201C4940B000F655C2 /* Release */,
			);
			defaultConfigurationIsVisible = 0;
			defaultConfigurationName = Release;
		};
		70235D211C4940B000F655C2 /* Build configuration list for PBXNativeTarget "RandomRollTests" */ = {
			isa = XCConfigurationList;
			buildConfigurations = (
				70235D221C4940B000F655C2 /* Debug */,
				70235D231C4940B000F655C2 /* Release */,
			);
			defaultConfigurationIsVisible = 0;
			defaultConfigurationName = Release;
		};
		70235D241C4940B000F655C2 /* Build configuration list for PBXNativeTarget "RandomRollUITests" */ = {
			isa = XCConfigurationList;
			buildConfigurations = (
				70235D251C4940B000F655C2 /* Debug */,
				70235D261C4940B000F655C2 /* Release */,
			);
			defaultConfigurationIsVisible = 0;
			defaultConfigurationName = Release;
		};
/* End XCConfigurationList section */
	};
	rootObject = 70235CEA1C4940AF00F655C2 /* Project object */;
}
